// !$*UTF8*$!
{
	archiveVersion = 1;
	classes = {
	};
	objectVersion = 51;
	objects = {

/* Begin PBXBuildFile section */
		3D031C352461198A00A845C1 /* UsersTableViewCell.swift in Sources */ = {isa = PBXBuildFile; fileRef = 3D031C332461198A00A845C1 /* UsersTableViewCell.swift */; };
		3D031C362461198A00A845C1 /* UsersTableViewCell.xib in Resources */ = {isa = PBXBuildFile; fileRef = 3D031C342461198A00A845C1 /* UsersTableViewCell.xib */; };
		3D031C3824616B0100A845C1 /* UserPostData.swift in Sources */ = {isa = PBXBuildFile; fileRef = 3D031C3724616B0100A845C1 /* UserPostData.swift */; };
		3D42D71E240A8F9900133261 /* PostTableViewCell.swift in Sources */ = {isa = PBXBuildFile; fileRef = 3D42D71C240A8F9900133261 /* PostTableViewCell.swift */; };
		3D42D71F240A8F9900133261 /* PostTableViewCell.xib in Resources */ = {isa = PBXBuildFile; fileRef = 3D42D71D240A8F9900133261 /* PostTableViewCell.xib */; };
		3D43ED302400F97F0015A109 /* GoogleService-Info.plist in Resources */ = {isa = PBXBuildFile; fileRef = 3D43ED2F2400F97F0015A109 /* GoogleService-Info.plist */; };
		3D544A9624057470007793AC /* PostViewController.swift in Sources */ = {isa = PBXBuildFile; fileRef = 3D544A9524057470007793AC /* PostViewController.swift */; };
		3D87199A240A500800D4064E /* Const.swift in Sources */ = {isa = PBXBuildFile; fileRef = 3D871999240A500700D4064E /* Const.swift */; };
		3D87199C240A754900D4064E /* PostData.swift in Sources */ = {isa = PBXBuildFile; fileRef = 3D87199B240A754900D4064E /* PostData.swift */; };
		3D9BFE8323FEE75F009893B1 /* AppDelegate.swift in Sources */ = {isa = PBXBuildFile; fileRef = 3D9BFE8223FEE75F009893B1 /* AppDelegate.swift */; };
		3D9BFE8523FEE75F009893B1 /* SceneDelegate.swift in Sources */ = {isa = PBXBuildFile; fileRef = 3D9BFE8423FEE75F009893B1 /* SceneDelegate.swift */; };
		3D9BFE8A23FEE75F009893B1 /* Main.storyboard in Resources */ = {isa = PBXBuildFile; fileRef = 3D9BFE8823FEE75F009893B1 /* Main.storyboard */; };
		3D9BFE8C23FEE760009893B1 /* Assets.xcassets in Resources */ = {isa = PBXBuildFile; fileRef = 3D9BFE8B23FEE760009893B1 /* Assets.xcassets */; };
		3D9BFE8F23FEE760009893B1 /* LaunchScreen.storyboard in Resources */ = {isa = PBXBuildFile; fileRef = 3D9BFE8D23FEE760009893B1 /* LaunchScreen.storyboard */; };
		3D9BFE9723FEE8DB009893B1 /* CalendarViewController.swift in Sources */ = {isa = PBXBuildFile; fileRef = 3D9BFE9623FEE8DB009893B1 /* CalendarViewController.swift */; };
		3D9BFE9923FEE935009893B1 /* TimeLineViewController.swift in Sources */ = {isa = PBXBuildFile; fileRef = 3D9BFE9823FEE935009893B1 /* TimeLineViewController.swift */; };
		3D9BFE9B23FEE95C009893B1 /* FriendListViewController.swift in Sources */ = {isa = PBXBuildFile; fileRef = 3D9BFE9A23FEE95C009893B1 /* FriendListViewController.swift */; };
		3D9BFE9D23FEE976009893B1 /* ProfileViewController.swift in Sources */ = {isa = PBXBuildFile; fileRef = 3D9BFE9C23FEE976009893B1 /* ProfileViewController.swift */; };
		3DA5F5F624038D6E00321D00 /* LoginViewController.swift in Sources */ = {isa = PBXBuildFile; fileRef = 3DA5F5F524038D6E00321D00 /* LoginViewController.swift */; };
		3DA5F5FA2403906500321D00 /* TabBarController.swift in Sources */ = {isa = PBXBuildFile; fileRef = 3DA5F5F92403906500321D00 /* TabBarController.swift */; };
		64479EA1EEDDF1F2C9380C1E /* Pods_ShareDiary.framework in Frameworks */ = {isa = PBXBuildFile; fileRef = DDF3F7F5767B8238D0E6CBF6 /* Pods_ShareDiary.framework */; };
/* End PBXBuildFile section */

/* Begin PBXFileReference section */
		283C5F3601AA315FC5B9B827 /* Pods-ShareDiary.release.xcconfig */ = {isa = PBXFileReference; includeInIndex = 1; lastKnownFileType = text.xcconfig; name = "Pods-ShareDiary.release.xcconfig"; path = "Target Support Files/Pods-ShareDiary/Pods-ShareDiary.release.xcconfig"; sourceTree = "<group>"; };
		3D031C332461198A00A845C1 /* UsersTableViewCell.swift */ = {isa = PBXFileReference; lastKnownFileType = sourcecode.swift; path = UsersTableViewCell.swift; sourceTree = "<group>"; };
		3D031C342461198A00A845C1 /* UsersTableViewCell.xib */ = {isa = PBXFileReference; lastKnownFileType = file.xib; path = UsersTableViewCell.xib; sourceTree = "<group>"; };
		3D031C3724616B0100A845C1 /* UserPostData.swift */ = {isa = PBXFileReference; lastKnownFileType = sourcecode.swift; path = UserPostData.swift; sourceTree = "<group>"; };
		3D42D71C240A8F9900133261 /* PostTableViewCell.swift */ = {isa = PBXFileReference; lastKnownFileType = sourcecode.swift; path = PostTableViewCell.swift; sourceTree = "<group>"; };
		3D42D71D240A8F9900133261 /* PostTableViewCell.xib */ = {isa = PBXFileReference; lastKnownFileType = file.xib; path = PostTableViewCell.xib; sourceTree = "<group>"; };
		3D43ED2F2400F97F0015A109 /* GoogleService-Info.plist */ = {isa = PBXFileReference; fileEncoding = 4; lastKnownFileType = text.plist.xml; path = "GoogleService-Info.plist"; sourceTree = "<group>"; };
		3D544A9524057470007793AC /* PostViewController.swift */ = {isa = PBXFileReference; lastKnownFileType = sourcecode.swift; path = PostViewController.swift; sourceTree = "<group>"; };
		3D871999240A500700D4064E /* Const.swift */ = {isa = PBXFileReference; lastKnownFileType = sourcecode.swift; path = Const.swift; sourceTree = "<group>"; };
		3D87199B240A754900D4064E /* PostData.swift */ = {isa = PBXFileReference; lastKnownFileType = sourcecode.swift; path = PostData.swift; sourceTree = "<group>"; };
		3D9BFE7F23FEE75F009893B1 /* ShareDiary.app */ = {isa = PBXFileReference; explicitFileType = wrapper.application; includeInIndex = 0; path = ShareDiary.app; sourceTree = BUILT_PRODUCTS_DIR; };
		3D9BFE8223FEE75F009893B1 /* AppDelegate.swift */ = {isa = PBXFileReference; lastKnownFileType = sourcecode.swift; path = AppDelegate.swift; sourceTree = "<group>"; };
		3D9BFE8423FEE75F009893B1 /* SceneDelegate.swift */ = {isa = PBXFileReference; lastKnownFileType = sourcecode.swift; path = SceneDelegate.swift; sourceTree = "<group>"; };
		3D9BFE8923FEE75F009893B1 /* Base */ = {isa = PBXFileReference; lastKnownFileType = file.storyboard; name = Base; path = Base.lproj/Main.storyboard; sourceTree = "<group>"; };
		3D9BFE8B23FEE760009893B1 /* Assets.xcassets */ = {isa = PBXFileReference; lastKnownFileType = folder.assetcatalog; path = Assets.xcassets; sourceTree = "<group>"; };
		3D9BFE8E23FEE760009893B1 /* Base */ = {isa = PBXFileReference; lastKnownFileType = file.storyboard; name = Base; path = Base.lproj/LaunchScreen.storyboard; sourceTree = "<group>"; };
		3D9BFE9023FEE760009893B1 /* Info.plist */ = {isa = PBXFileReference; lastKnownFileType = text.plist.xml; path = Info.plist; sourceTree = "<group>"; };
		3D9BFE9623FEE8DB009893B1 /* CalendarViewController.swift */ = {isa = PBXFileReference; lastKnownFileType = sourcecode.swift; path = CalendarViewController.swift; sourceTree = "<group>"; };
		3D9BFE9823FEE935009893B1 /* TimeLineViewController.swift */ = {isa = PBXFileReference; lastKnownFileType = sourcecode.swift; path = TimeLineViewController.swift; sourceTree = "<group>"; };
		3D9BFE9A23FEE95C009893B1 /* FriendListViewController.swift */ = {isa = PBXFileReference; lastKnownFileType = sourcecode.swift; path = FriendListViewController.swift; sourceTree = "<group>"; };
		3D9BFE9C23FEE976009893B1 /* ProfileViewController.swift */ = {isa = PBXFileReference; lastKnownFileType = sourcecode.swift; path = ProfileViewController.swift; sourceTree = "<group>"; };
		3DA5F5F524038D6E00321D00 /* LoginViewController.swift */ = {isa = PBXFileReference; lastKnownFileType = sourcecode.swift; path = LoginViewController.swift; sourceTree = "<group>"; };
		3DA5F5F92403906500321D00 /* TabBarController.swift */ = {isa = PBXFileReference; lastKnownFileType = sourcecode.swift; path = TabBarController.swift; sourceTree = "<group>"; };
		DDF3F7F5767B8238D0E6CBF6 /* Pods_ShareDiary.framework */ = {isa = PBXFileReference; explicitFileType = wrapper.framework; includeInIndex = 0; path = Pods_ShareDiary.framework; sourceTree = BUILT_PRODUCTS_DIR; };
		F60724E31802F5BBE9FF9228 /* Pods-ShareDiary.debug.xcconfig */ = {isa = PBXFileReference; includeInIndex = 1; lastKnownFileType = text.xcconfig; name = "Pods-ShareDiary.debug.xcconfig"; path = "Target Support Files/Pods-ShareDiary/Pods-ShareDiary.debug.xcconfig"; sourceTree = "<group>"; };
/* End PBXFileReference section */

/* Begin PBXFrameworksBuildPhase section */
		3D9BFE7C23FEE75F009893B1 /* Frameworks */ = {
			isa = PBXFrameworksBuildPhase;
			buildActionMask = 2147483647;
			files = (
				64479EA1EEDDF1F2C9380C1E /* Pods_ShareDiary.framework in Frameworks */,
			);
			runOnlyForDeploymentPostprocessing = 0;
		};
/* End PBXFrameworksBuildPhase section */

/* Begin PBXGroup section */
		1F37A0A2487ACF5D8F3D0236 /* Pods */ = {
			isa = PBXGroup;
			children = (
				F60724E31802F5BBE9FF9228 /* Pods-ShareDiary.debug.xcconfig */,
				283C5F3601AA315FC5B9B827 /* Pods-ShareDiary.release.xcconfig */,
			);
			path = Pods;
			sourceTree = "<group>";
		};
		3D9BFE7623FEE75F009893B1 = {
			isa = PBXGroup;
			children = (
				3D9BFE8123FEE75F009893B1 /* ShareDiary */,
				3D9BFE8023FEE75F009893B1 /* Products */,
				1F37A0A2487ACF5D8F3D0236 /* Pods */,
				69DD8ABBEFF1D1B33CC4C45C /* Frameworks */,
			);
			sourceTree = "<group>";
		};
		3D9BFE8023FEE75F009893B1 /* Products */ = {
			isa = PBXGroup;
			children = (
				3D9BFE7F23FEE75F009893B1 /* ShareDiary.app */,
			);
			name = Products;
			sourceTree = "<group>";
		};
		3D9BFE8123FEE75F009893B1 /* ShareDiary */ = {
			isa = PBXGroup;
			children = (
				3D9BFE8223FEE75F009893B1 /* AppDelegate.swift */,
				3D9BFE8423FEE75F009893B1 /* SceneDelegate.swift */,
				3D9BFE9623FEE8DB009893B1 /* CalendarViewController.swift */,
				3D9BFE9C23FEE976009893B1 /* ProfileViewController.swift */,
				3DA5F5F92403906500321D00 /* TabBarController.swift */,
				3D42D71C240A8F9900133261 /* PostTableViewCell.swift */,
				3D42D71D240A8F9900133261 /* PostTableViewCell.xib */,
				3D031C332461198A00A845C1 /* UsersTableViewCell.swift */,
				3D031C342461198A00A845C1 /* UsersTableViewCell.xib */,
				3D9BFE9A23FEE95C009893B1 /* FriendListViewController.swift */,
				3D9BFE9823FEE935009893B1 /* TimeLineViewController.swift */,
				3D871999240A500700D4064E /* Const.swift */,
				3D87199B240A754900D4064E /* PostData.swift */,
				3D031C3724616B0100A845C1 /* UserPostData.swift */,
				3D544A9524057470007793AC /* PostViewController.swift */,
				3DA5F5F524038D6E00321D00 /* LoginViewController.swift */,
				3D9BFE8823FEE75F009893B1 /* Main.storyboard */,
				3D9BFE8B23FEE760009893B1 /* Assets.xcassets */,
				3D9BFE8D23FEE760009893B1 /* LaunchScreen.storyboard */,
				3D9BFE9023FEE760009893B1 /* Info.plist */,
				3D43ED2F2400F97F0015A109 /* GoogleService-Info.plist */,
			);
			path = ShareDiary;
			sourceTree = "<group>";
		};
		69DD8ABBEFF1D1B33CC4C45C /* Frameworks */ = {
			isa = PBXGroup;
			children = (
				DDF3F7F5767B8238D0E6CBF6 /* Pods_ShareDiary.framework */,
			);
			name = Frameworks;
			sourceTree = "<group>";
		};
/* End PBXGroup section */

/* Begin PBXNativeTarget section */
		3D9BFE7E23FEE75F009893B1 /* ShareDiary */ = {
			isa = PBXNativeTarget;
			buildConfigurationList = 3D9BFE9323FEE760009893B1 /* Build configuration list for PBXNativeTarget "ShareDiary" */;
			buildPhases = (
				FB60127C8D932C24D026CC6C /* [CP] Check Pods Manifest.lock */,
				3D9BFE7B23FEE75F009893B1 /* Sources */,
				3D9BFE7C23FEE75F009893B1 /* Frameworks */,
				3D9BFE7D23FEE75F009893B1 /* Resources */,
				05263815A3B517BA22D106F8 /* [CP] Embed Pods Frameworks */,
			);
			buildRules = (
			);
			dependencies = (
			);
			name = ShareDiary;
			productName = ShareDiary;
			productReference = 3D9BFE7F23FEE75F009893B1 /* ShareDiary.app */;
			productType = "com.apple.product-type.application";
		};
/* End PBXNativeTarget section */

/* Begin PBXProject section */
		3D9BFE7723FEE75F009893B1 /* Project object */ = {
			isa = PBXProject;
			attributes = {
				LastSwiftUpdateCheck = 1110;
				LastUpgradeCheck = 1110;
				ORGANIZATIONNAME = "syogo-user";
				TargetAttributes = {
					3D9BFE7E23FEE75F009893B1 = {
						CreatedOnToolsVersion = 11.1;
					};
				};
			};
			buildConfigurationList = 3D9BFE7A23FEE75F009893B1 /* Build configuration list for PBXProject "ShareDiary" */;
			compatibilityVersion = "Xcode 9.3";
			developmentRegion = en;
			hasScannedForEncodings = 0;
			knownRegions = (
				en,
				Base,
			);
			mainGroup = 3D9BFE7623FEE75F009893B1;
			productRefGroup = 3D9BFE8023FEE75F009893B1 /* Products */;
			projectDirPath = "";
			projectRoot = "";
			targets = (
				3D9BFE7E23FEE75F009893B1 /* ShareDiary */,
			);
		};
/* End PBXProject section */

/* Begin PBXResourcesBuildPhase section */
		3D9BFE7D23FEE75F009893B1 /* Resources */ = {
			isa = PBXResourcesBuildPhase;
			buildActionMask = 2147483647;
			files = (
				3D9BFE8F23FEE760009893B1 /* LaunchScreen.storyboard in Resources */,
				3D42D71F240A8F9900133261 /* PostTableViewCell.xib in Resources */,
				3D031C362461198A00A845C1 /* UsersTableViewCell.xib in Resources */,
				3D43ED302400F97F0015A109 /* GoogleService-Info.plist in Resources */,
				3D9BFE8C23FEE760009893B1 /* Assets.xcassets in Resources */,
				3D9BFE8A23FEE75F009893B1 /* Main.storyboard in Resources */,
			);
			runOnlyForDeploymentPostprocessing = 0;
		};
/* End PBXResourcesBuildPhase section */

/* Begin PBXShellScriptBuildPhase section */
		05263815A3B517BA22D106F8 /* [CP] Embed Pods Frameworks */ = {
			isa = PBXShellScriptBuildPhase;
			buildActionMask = 2147483647;
			files = (
			);
			inputFileListPaths = (
				"${PODS_ROOT}/Target Support Files/Pods-ShareDiary/Pods-ShareDiary-frameworks-${CONFIGURATION}-input-files.xcfilelist",
			);
			name = "[CP] Embed Pods Frameworks";
			outputFileListPaths = (
				"${PODS_ROOT}/Target Support Files/Pods-ShareDiary/Pods-ShareDiary-frameworks-${CONFIGURATION}-output-files.xcfilelist",
			);
			runOnlyForDeploymentPostprocessing = 0;
			shellPath = /bin/sh;
			shellScript = "\"${PODS_ROOT}/Target Support Files/Pods-ShareDiary/Pods-ShareDiary-frameworks.sh\"\n";
			showEnvVarsInLog = 0;
		};
		FB60127C8D932C24D026CC6C /* [CP] Check Pods Manifest.lock */ = {
			isa = PBXShellScriptBuildPhase;
			buildActionMask = 2147483647;
			files = (
			);
			inputFileListPaths = (
			);
			inputPaths = (
				"${PODS_PODFILE_DIR_PATH}/Podfile.lock",
				"${PODS_ROOT}/Manifest.lock",
			);
			name = "[CP] Check Pods Manifest.lock";
			outputFileListPaths = (
			);
			outputPaths = (
				"$(DERIVED_FILE_DIR)/Pods-ShareDiary-checkManifestLockResult.txt",
			);
			runOnlyForDeploymentPostprocessing = 0;
			shellPath = /bin/sh;
			shellScript = "diff \"${PODS_PODFILE_DIR_PATH}/Podfile.lock\" \"${PODS_ROOT}/Manifest.lock\" > /dev/null\nif [ $? != 0 ] ; then\n    # print error to STDERR\n    echo \"error: The sandbox is not in sync with the Podfile.lock. Run 'pod install' or update your CocoaPods installation.\" >&2\n    exit 1\nfi\n# This output is used by Xcode 'outputs' to avoid re-running this script phase.\necho \"SUCCESS\" > \"${SCRIPT_OUTPUT_FILE_0}\"\n";
			showEnvVarsInLog = 0;
		};
/* End PBXShellScriptBuildPhase section */

/* Begin PBXSourcesBuildPhase section */
		3D9BFE7B23FEE75F009893B1 /* Sources */ = {
			isa = PBXSourcesBuildPhase;
			buildActionMask = 2147483647;
			files = (
				3D87199C240A754900D4064E /* PostData.swift in Sources */,
				3D544A9624057470007793AC /* PostViewController.swift in Sources */,
				3D031C3824616B0100A845C1 /* UserPostData.swift in Sources */,
				3DA5F5F624038D6E00321D00 /* LoginViewController.swift in Sources */,
				3D031C352461198A00A845C1 /* UsersTableViewCell.swift in Sources */,
				3DA5F5FA2403906500321D00 /* TabBarController.swift in Sources */,
				3D9BFE9723FEE8DB009893B1 /* CalendarViewController.swift in Sources */,
				3D9BFE9B23FEE95C009893B1 /* FriendListViewController.swift in Sources */,
				3D9BFE8323FEE75F009893B1 /* AppDelegate.swift in Sources */,
				3D9BFE9D23FEE976009893B1 /* ProfileViewController.swift in Sources */,
				3D9BFE9923FEE935009893B1 /* TimeLineViewController.swift in Sources */,
				3D9BFE8523FEE75F009893B1 /* SceneDelegate.swift in Sources */,
				3D87199A240A500800D4064E /* Const.swift in Sources */,
				3D42D71E240A8F9900133261 /* PostTableViewCell.swift in Sources */,
			);
			runOnlyForDeploymentPostprocessing = 0;
		};
/* End PBXSourcesBuildPhase section */

/* Begin PBXVariantGroup section */
		3D9BFE8823FEE75F009893B1 /* Main.storyboard */ = {
			isa = PBXVariantGroup;
			children = (
				3D9BFE8923FEE75F009893B1 /* Base */,
			);
			name = Main.storyboard;
			sourceTree = "<group>";
		};
		3D9BFE8D23FEE760009893B1 /* LaunchScreen.storyboard */ = {
			isa = PBXVariantGroup;
			children = (
				3D9BFE8E23FEE760009893B1 /* Base */,
			);
			name = LaunchScreen.storyboard;
			sourceTree = "<group>";
		};
/* End PBXVariantGroup section */

/* Begin XCBuildConfiguration section */
		3D9BFE9123FEE760009893B1 /* Debug */ = {
			isa = XCBuildConfiguration;
			buildSettings = {
				ALWAYS_SEARCH_USER_PATHS = NO;
				CLANG_ANALYZER_NONNULL = YES;
				CLANG_ANALYZER_NUMBER_OBJECT_CONVERSION = YES_AGGRESSIVE;
				CLANG_CXX_LANGUAGE_STANDARD = "gnu++14";
				CLANG_CXX_LIBRARY = "libc++";
				CLANG_ENABLE_MODULES = YES;
				CLANG_ENABLE_OBJC_ARC = YES;
				CLANG_ENABLE_OBJC_WEAK = YES;
				CLANG_WARN_BLOCK_CAPTURE_AUTORELEASING = YES;
				CLANG_WARN_BOOL_CONVERSION = YES;
				CLANG_WARN_COMMA = YES;
				CLANG_WARN_CONSTANT_CONVERSION = YES;
				CLANG_WARN_DEPRECATED_OBJC_IMPLEMENTATIONS = YES;
				CLANG_WARN_DIRECT_OBJC_ISA_USAGE = YES_ERROR;
				CLANG_WARN_DOCUMENTATION_COMMENTS = YES;
				CLANG_WARN_EMPTY_BODY = YES;
				CLANG_WARN_ENUM_CONVERSION = YES;
				CLANG_WARN_INFINITE_RECURSION = YES;
				CLANG_WARN_INT_CONVERSION = YES;
				CLANG_WARN_NON_LITERAL_NULL_CONVERSION = YES;
				CLANG_WARN_OBJC_IMPLICIT_RETAIN_SELF = YES;
				CLANG_WARN_OBJC_LITERAL_CONVERSION = YES;
				CLANG_WARN_OBJC_ROOT_CLASS = YES_ERROR;
				CLANG_WARN_RANGE_LOOP_ANALYSIS = YES;
				CLANG_WARN_STRICT_PROTOTYPES = YES;
				CLANG_WARN_SUSPICIOUS_MOVE = YES;
				CLANG_WARN_UNGUARDED_AVAILABILITY = YES_AGGRESSIVE;
				CLANG_WARN_UNREACHABLE_CODE = YES;
				CLANG_WARN__DUPLICATE_METHOD_MATCH = YES;
				COPY_PHASE_STRIP = NO;
				DEBUG_INFORMATION_FORMAT = dwarf;
				ENABLE_STRICT_OBJC_MSGSEND = YES;
				ENABLE_TESTABILITY = YES;
				GCC_C_LANGUAGE_STANDARD = gnu11;
				GCC_DYNAMIC_NO_PIC = NO;
				GCC_NO_COMMON_BLOCKS = YES;
				GCC_OPTIMIZATION_LEVEL = 0;
				GCC_PREPROCESSOR_DEFINITIONS = (
					"DEBUG=1",
					"$(inherited)",
				);
				GCC_WARN_64_TO_32_BIT_CONVERSION = YES;
				GCC_WARN_ABOUT_RETURN_TYPE = YES_ERROR;
				GCC_WARN_UNDECLARED_SELECTOR = YES;
				GCC_WARN_UNINITIALIZED_AUTOS = YES_AGGRESSIVE;
				GCC_WARN_UNUSED_FUNCTION = YES;
				GCC_WARN_UNUSED_VARIABLE = YES;
				IPHONEOS_DEPLOYMENT_TARGET = 13.1;
				MTL_ENABLE_DEBUG_INFO = INCLUDE_SOURCE;
				MTL_FAST_MATH = YES;
				ONLY_ACTIVE_ARCH = YES;
				SDKROOT = iphoneos;
				SWIFT_ACTIVE_COMPILATION_CONDITIONS = DEBUG;
				SWIFT_OPTIMIZATION_LEVEL = "-Onone";
			};
			name = Debug;
		};
		3D9BFE9223FEE760009893B1 /* Release */ = {
			isa = XCBuildConfiguration;
			buildSettings = {
				ALWAYS_SEARCH_USER_PATHS = NO;
				CLANG_ANALYZER_NONNULL = YES;
				CLANG_ANALYZER_NUMBER_OBJECT_CONVERSION = YES_AGGRESSIVE;
				CLANG_CXX_LANGUAGE_STANDARD = "gnu++14";
				CLANG_CXX_LIBRARY = "libc++";
				CLANG_ENABLE_MODULES = YES;
				CLANG_ENABLE_OBJC_ARC = YES;
				CLANG_ENABLE_OBJC_WEAK = YES;
				CLANG_WARN_BLOCK_CAPTURE_AUTORELEASING = YES;
				CLANG_WARN_BOOL_CONVERSION = YES;
				CLANG_WARN_COMMA = YES;
				CLANG_WARN_CONSTANT_CONVERSION = YES;
				CLANG_WARN_DEPRECATED_OBJC_IMPLEMENTATIONS = YES;
				CLANG_WARN_DIRECT_OBJC_ISA_USAGE = YES_ERROR;
				CLANG_WARN_DOCUMENTATION_COMMENTS = YES;
				CLANG_WARN_EMPTY_BODY = YES;
				CLANG_WARN_ENUM_CONVERSION = YES;
				CLANG_WARN_INFINITE_RECURSION = YES;
				CLANG_WARN_INT_CONVERSION = YES;
				CLANG_WARN_NON_LITERAL_NULL_CONVERSION = YES;
				CLANG_WARN_OBJC_IMPLICIT_RETAIN_SELF = YES;
				CLANG_WARN_OBJC_LITERAL_CONVERSION = YES;
				CLANG_WARN_OBJC_ROOT_CLASS = YES_ERROR;
				CLANG_WARN_RANGE_LOOP_ANALYSIS = YES;
				CLANG_WARN_STRICT_PROTOTYPES = YES;
				CLANG_WARN_SUSPICIOUS_MOVE = YES;
				CLANG_WARN_UNGUARDED_AVAILABILITY = YES_AGGRESSIVE;
				CLANG_WARN_UNREACHABLE_CODE = YES;
				CLANG_WARN__DUPLICATE_METHOD_MATCH = YES;
				COPY_PHASE_STRIP = NO;
				DEBUG_INFORMATION_FORMAT = "dwarf-with-dsym";
				ENABLE_NS_ASSERTIONS = NO;
				ENABLE_STRICT_OBJC_MSGSEND = YES;
				GCC_C_LANGUAGE_STANDARD = gnu11;
				GCC_NO_COMMON_BLOCKS = YES;
				GCC_WARN_64_TO_32_BIT_CONVERSION = YES;
				GCC_WARN_ABOUT_RETURN_TYPE = YES_ERROR;
				GCC_WARN_UNDECLARED_SELECTOR = YES;
				GCC_WARN_UNINITIALIZED_AUTOS = YES_AGGRESSIVE;
				GCC_WARN_UNUSED_FUNCTION = YES;
				GCC_WARN_UNUSED_VARIABLE = YES;
				IPHONEOS_DEPLOYMENT_TARGET = 13.1;
				MTL_ENABLE_DEBUG_INFO = NO;
				MTL_FAST_MATH = YES;
				SDKROOT = iphoneos;
				SWIFT_COMPILATION_MODE = wholemodule;
				SWIFT_OPTIMIZATION_LEVEL = "-O";
				VALIDATE_PRODUCT = YES;
			};
			name = Release;
		};
		3D9BFE9423FEE760009893B1 /* Debug */ = {
			isa = XCBuildConfiguration;
			baseConfigurationReference = F60724E31802F5BBE9FF9228 /* Pods-ShareDiary.debug.xcconfig */;
			buildSettings = {
				ASSETCATALOG_COMPILER_APPICON_NAME = AppIcon;
				CODE_SIGN_STYLE = Automatic;
				DEVELOPMENT_TEAM = 6522YLS3GH;
				INFOPLIST_FILE = ShareDiary/Info.plist;
				IPHONEOS_DEPLOYMENT_TARGET = 13.1;
				LD_RUNPATH_SEARCH_PATHS = (
					"$(inherited)",
					"@executable_path/Frameworks",
				);
				PRODUCT_BUNDLE_IDENTIFIER = "jp.techacademy.syogo-user.ShareDiary";
				PRODUCT_NAME = "$(TARGET_NAME)";
				SWIFT_VERSION = 5.0;
				TARGETED_DEVICE_FAMILY = 1;
			};
			name = Debug;
		};
		3D9BFE9523FEE760009893B1 /* Release */ = {
			isa = XCBuildConfiguration;
			baseConfigurationReference = 283C5F3601AA315FC5B9B827 /* Pods-ShareDiary.release.xcconfig */;
			buildSettings = {
				ASSETCATALOG_COMPILER_APPICON_NAME = AppIcon;
				CODE_SIGN_STYLE = Automatic;
				DEVELOPMENT_TEAM = 6522YLS3GH;
				INFOPLIST_FILE = ShareDiary/Info.plist;
				IPHONEOS_DEPLOYMENT_TARGET = 13.1;
				LD_RUNPATH_SEARCH_PATHS = (
					"$(inherited)",
					"@executable_path/Frameworks",
				);
				PRODUCT_BUNDLE_IDENTIFIER = "jp.techacademy.syogo-user.ShareDiary";
				PRODUCT_NAME = "$(TARGET_NAME)";
				SWIFT_VERSION = 5.0;
				TARGETED_DEVICE_FAMILY = 1;
			};
			name = Release;
		};
/* End XCBuildConfiguration section */

/* Begin XCConfigurationList section */
		3D9BFE7A23FEE75F009893B1 /* Build configuration list for PBXProject "ShareDiary" */ = {
			isa = XCConfigurationList;
			buildConfigurations = (
				3D9BFE9123FEE760009893B1 /* Debug */,
				3D9BFE9223FEE760009893B1 /* Release */,
			);
			defaultConfigurationIsVisible = 0;
			defaultConfigurationName = Release;
		};
		3D9BFE9323FEE760009893B1 /* Build configuration list for PBXNativeTarget "ShareDiary" */ = {
			isa = XCConfigurationList;
			buildConfigurations = (
				3D9BFE9423FEE760009893B1 /* Debug */,
				3D9BFE9523FEE760009893B1 /* Release */,
			);
			defaultConfigurationIsVisible = 0;
			defaultConfigurationName = Release;
		};
/* End XCConfigurationList section */
	};
	rootObject = 3D9BFE7723FEE75F009893B1 /* Project object */;
}
